// !$*UTF8*$!
{
	archiveVersion = 1;
	classes = {
	};
	objectVersion = 46;
	objects = {

/* Begin PBXBuildFile section */
		504F077E1B1BABA200C992D4 /* AppDelegate.swift in Sources */ = {isa = PBXBuildFile; fileRef = 504F077D1B1BABA200C992D4 /* AppDelegate.swift */; };
		504F07801B1BABA200C992D4 /* ViewController.swift in Sources */ = {isa = PBXBuildFile; fileRef = 504F077F1B1BABA200C992D4 /* ViewController.swift */; };
		504F07831B1BABA200C992D4 /* Main.storyboard in Resources */ = {isa = PBXBuildFile; fileRef = 504F07811B1BABA200C992D4 /* Main.storyboard */; };
		504F07851B1BABA200C992D4 /* Images.xcassets in Resources */ = {isa = PBXBuildFile; fileRef = 504F07841B1BABA200C992D4 /* Images.xcassets */; };
		504F07881B1BABA200C992D4 /* LaunchScreen.xib in Resources */ = {isa = PBXBuildFile; fileRef = 504F07861B1BABA200C992D4 /* LaunchScreen.xib */; };
		504F07941B1BABA200C992D4 /* PageControlExampleTests.swift in Sources */ = {isa = PBXBuildFile; fileRef = 504F07931B1BABA200C992D4 /* PageControlExampleTests.swift */; };
/* End PBXBuildFile section */

/* Begin PBXContainerItemProxy section */
		504F078E1B1BABA200C992D4 /* PBXContainerItemProxy */ = {
			isa = PBXContainerItemProxy;
			containerPortal = 504F07701B1BABA200C992D4 /* Project object */;
			proxyType = 1;
			remoteGlobalIDString = 504F07771B1BABA200C992D4;
			remoteInfo = PageControlExample;
		};
/* End PBXContainerItemProxy section */

/* Begin PBXFileReference section */
		504F07781B1BABA200C992D4 /* PageControlExample.app */ = {isa = PBXFileReference; explicitFileType = wrapper.application; includeInIndex = 0; path = PageControlExample.app; sourceTree = BUILT_PRODUCTS_DIR; };
		504F077C1B1BABA200C992D4 /* Info.plist */ = {isa = PBXFileReference; lastKnownFileType = text.plist.xml; path = Info.plist; sourceTree = "<group>"; };
		504F077D1B1BABA200C992D4 /* AppDelegate.swift */ = {isa = PBXFileReference; lastKnownFileType = sourcecode.swift; path = AppDelegate.swift; sourceTree = "<group>"; };
		504F077F1B1BABA200C992D4 /* ViewController.swift */ = {isa = PBXFileReference; lastKnownFileType = sourcecode.swift; path = ViewController.swift; sourceTree = "<group>"; };
		504F07821B1BABA200C992D4 /* Base */ = {isa = PBXFileReference; lastKnownFileType = file.storyboard; name = Base; path = Base.lproj/Main.storyboard; sourceTree = "<group>"; };
		504F07841B1BABA200C992D4 /* Images.xcassets */ = {isa = PBXFileReference; lastKnownFileType = folder.assetcatalog; path = Images.xcassets; sourceTree = "<group>"; };
		504F07871B1BABA200C992D4 /* Base */ = {isa = PBXFileReference; lastKnownFileType = file.xib; name = Base; path = Base.lproj/LaunchScreen.xib; sourceTree = "<group>"; };
		504F078D1B1BABA200C992D4 /* PageControlExampleTests.xctest */ = {isa = PBXFileReference; explicitFileType = wrapper.cfbundle; includeInIndex = 0; path = PageControlExampleTests.xctest; sourceTree = BUILT_PRODUCTS_DIR; };
		504F07921B1BABA200C992D4 /* Info.plist */ = {isa = PBXFileReference; lastKnownFileType = text.plist.xml; path = Info.plist; sourceTree = "<group>"; };
		504F07931B1BABA200C992D4 /* PageControlExampleTests.swift */ = {isa = PBXFileReference; lastKnownFileType = sourcecode.swift; path = PageControlExampleTests.swift; sourceTree = "<group>"; };
/* End PBXFileReference section */

/* Begin PBXFrameworksBuildPhase section */
		504F07751B1BABA200C992D4 /* Frameworks */ = {
			isa = PBXFrameworksBuildPhase;
			buildActionMask = 2147483647;
			files = (
			);
			runOnlyForDeploymentPostprocessing = 0;
		};
		504F078A1B1BABA200C992D4 /* Frameworks */ = {
			isa = PBXFrameworksBuildPhase;
			buildActionMask = 2147483647;
			files = (
			);
			runOnlyForDeploymentPostprocessing = 0;
		};
/* End PBXFrameworksBuildPhase section */

/* Begin PBXGroup section */
		504F076F1B1BABA200C992D4 = {
			isa = PBXGroup;
			children = (
				504F077A1B1BABA200C992D4 /* PageControlExample */,
				504F07901B1BABA200C992D4 /* PageControlExampleTests */,
				504F07791B1BABA200C992D4 /* Products */,
			);
			sourceTree = "<group>";
		};
		504F07791B1BABA200C992D4 /* Products */ = {
			isa = PBXGroup;
			children = (
				504F07781B1BABA200C992D4 /* PageControlExample.app */,
				504F078D1B1BABA200C992D4 /* PageControlExampleTests.xctest */,
			);
			name = Products;
			sourceTree = "<group>";
		};
		504F077A1B1BABA200C992D4 /* PageControlExample */ = {
			isa = PBXGroup;
			children = (
				504F077D1B1BABA200C992D4 /* AppDelegate.swift */,
				504F077F1B1BABA200C992D4 /* ViewController.swift */,
				504F07811B1BABA200C992D4 /* Main.storyboard */,
				504F07841B1BABA200C992D4 /* Images.xcassets */,
				504F07861B1BABA200C992D4 /* LaunchScreen.xib */,
				504F077B1B1BABA200C992D4 /* Supporting Files */,
			);
			path = PageControlExample;
			sourceTree = "<group>";
		};
		504F077B1B1BABA200C992D4 /* Supporting Files */ = {
			isa = PBXGroup;
			children = (
				504F077C1B1BABA200C992D4 /* Info.plist */,
			);
			name = "Supporting Files";
			sourceTree = "<group>";
		};
		504F07901B1BABA200C992D4 /* PageControlExampleTests */ = {
			isa = PBXGroup;
			children = (
				504F07931B1BABA200C992D4 /* PageControlExampleTests.swift */,
				504F07911B1BABA200C992D4 /* Supporting Files */,
			);
			path = PageControlExampleTests;
			sourceTree = "<group>";
		};
		504F07911B1BABA200C992D4 /* Supporting Files */ = {
			isa = PBXGroup;
			children = (
				504F07921B1BABA200C992D4 /* Info.plist */,
			);
			name = "Supporting Files";
			sourceTree = "<group>";
		};
/* End PBXGroup section */

/* Begin PBXNativeTarget section */
		504F07771B1BABA200C992D4 /* PageControlExample */ = {
			isa = PBXNativeTarget;
			buildConfigurationList = 504F07971B1BABA200C992D4 /* Build configuration list for PBXNativeTarget "PageControlExample" */;
			buildPhases = (
				504F07741B1BABA200C992D4 /* Sources */,
				504F07751B1BABA200C992D4 /* Frameworks */,
				504F07761B1BABA200C992D4 /* Resources */,
			);
			buildRules = (
			);
			dependencies = (
			);
			name = PageControlExample;
			productName = PageControlExample;
			productReference = 504F07781B1BABA200C992D4 /* PageControlExample.app */;
			productType = "com.apple.product-type.application";
		};
		504F078C1B1BABA200C992D4 /* PageControlExampleTests */ = {
			isa = PBXNativeTarget;
			buildConfigurationList = 504F079A1B1BABA200C992D4 /* Build configuration list for PBXNativeTarget "PageControlExampleTests" */;
			buildPhases = (
				504F07891B1BABA200C992D4 /* Sources */,
				504F078A1B1BABA200C992D4 /* Frameworks */,
				504F078B1B1BABA200C992D4 /* Resources */,
			);
			buildRules = (
			);
			dependencies = (
				504F078F1B1BABA200C992D4 /* PBXTargetDependency */,
			);
			name = PageControlExampleTests;
			productName = PageControlExampleTests;
			productReference = 504F078D1B1BABA200C992D4 /* PageControlExampleTests.xctest */;
			productType = "com.apple.product-type.bundle.unit-test";
		};
/* End PBXNativeTarget section */

/* Begin PBXProject section */
		504F07701B1BABA200C992D4 /* Project object */ = {
			isa = PBXProject;
			attributes = {
				LastUpgradeCheck = 0630;
				ORGANIZATIONNAME = "Max Chen";
				TargetAttributes = {
					504F07771B1BABA200C992D4 = {
						CreatedOnToolsVersion = 6.3.2;
					};
					504F078C1B1BABA200C992D4 = {
						CreatedOnToolsVersion = 6.3.2;
						TestTargetID = 504F07771B1BABA200C992D4;
					};
				};
			};
			buildConfigurationList = 504F07731B1BABA200C992D4 /* Build configuration list for PBXProject "PageControlExample" */;
			compatibilityVersion = "Xcode 3.2";
			developmentRegion = English;
			hasScannedForEncodings = 0;
			knownRegions = (
				en,
				Base,
			);
			mainGroup = 504F076F1B1BABA200C992D4;
			productRefGroup = 504F07791B1BABA200C992D4 /* Products */;
			projectDirPath = "";
			projectRoot = "";
			targets = (
				504F07771B1BABA200C992D4 /* PageControlExample */,
				504F078C1B1BABA200C992D4 /* PageControlExampleTests */,
			);
		};
/* End PBXProject section */

/* Begin PBXResourcesBuildPhase section */
		504F07761B1BABA200C992D4 /* Resources */ = {
			isa = PBXResourcesBuildPhase;
			buildActionMask = 2147483647;
			files = (
				504F07831B1BABA200C992D4 /* Main.storyboard in Resources */,
				504F07881B1BABA200C992D4 /* LaunchScreen.xib in Resources */,
				504F07851B1BABA200C992D4 /* Images.xcassets in Resources */,
			);
			runOnlyForDeploymentPostprocessing = 0;
		};
		504F078B1B1BABA200C992D4 /* Resources */ = {
			isa = PBXResourcesBuildPhase;
			buildActionMask = 2147483647;
			files = (
			);
			runOnlyForDeploymentPostprocessing = 0;
		};
/* End PBXResourcesBuildPhase section */

/* Begin PBXSourcesBuildPhase section */
		504F07741B1BABA200C992D4 /* Sources */ = {
			isa = PBXSourcesBuildPhase;
			buildActionMask = 2147483647;
			files = (
				504F07801B1BABA200C992D4 /* ViewController.swift in Sources */,
				504F077E1B1BABA200C992D4 /* AppDelegate.swift in Sources */,
			);
			runOnlyForDeploymentPostprocessing = 0;
		};
		504F07891B1BABA200C992D4 /* Sources */ = {
			isa = PBXSourcesBuildPhase;
			buildActionMask = 2147483647;
			files = (
				504F07941B1BABA200C992D4 /* PageControlExampleTests.swift in Sources */,
			);
			runOnlyForDeploymentPostprocessing = 0;
		};
/* End PBXSourcesBuildPhase section */

/* Begin PBXTargetDependency section */
		504F078F1B1BABA200C992D4 /* PBXTargetDependency */ = {
			isa = PBXTargetDependency;
			target = 504F07771B1BABA200C992D4 /* PageControlExample */;
			targetProxy = 504F078E1B1BABA200C992D4 /* PBXContainerItemProxy */;
		};
/* End PBXTargetDependency section */

/* Begin PBXVariantGroup section */
		504F07811B1BABA200C992D4 /* Main.storyboard */ = {
			isa = PBXVariantGroup;
			children = (
				504F07821B1BABA200C992D4 /* Base */,
			);
			name = Main.storyboard;
			sourceTree = "<group>";
		};
		504F07861B1BABA200C992D4 /* LaunchScreen.xib */ = {
			isa = PBXVariantGroup;
			children = (
				504F07871B1BABA200C992D4 /* Base */,
			);
			name = LaunchScreen.xib;
			sourceTree = "<group>";
		};
/* End PBXVariantGroup section */

/* Begin XCBuildConfiguration section */
		504F07951B1BABA200C992D4 /* Debug */ = {
			isa = XCBuildConfiguration;
			buildSettings = {
				ALWAYS_SEARCH_USER_PATHS = NO;
				CLANG_CXX_LANGUAGE_STANDARD = "gnu++0x";
				CLANG_CXX_LIBRARY = "libc++";
				CLANG_ENABLE_MODULES = YES;
				CLANG_ENABLE_OBJC_ARC = YES;
				CLANG_WARN_BOOL_CONVERSION = YES;
				CLANG_WARN_CONSTANT_CONVERSION = YES;
				CLANG_WARN_DIRECT_OBJC_ISA_USAGE = YES_ERROR;
				CLANG_WARN_EMPTY_BODY = YES;
				CLANG_WARN_ENUM_CONVERSION = YES;
				CLANG_WARN_INT_CONVERSION = YES;
				CLANG_WARN_OBJC_ROOT_CLASS = YES_ERROR;
				CLANG_WARN_UNREACHABLE_CODE = YES;
				CLANG_WARN__DUPLICATE_METHOD_MATCH = YES;
				"CODE_SIGN_IDENTITY[sdk=iphoneos*]" = "iPhone Developer";
				COPY_PHASE_STRIP = NO;
				DEBUG_INFORMATION_FORMAT = "dwarf-with-dsym";
				ENABLE_STRICT_OBJC_MSGSEND = YES;
				GCC_C_LANGUAGE_STANDARD = gnu99;
				GCC_DYNAMIC_NO_PIC = NO;
				GCC_NO_COMMON_BLOCKS = YES;
				GCC_OPTIMIZATION_LEVEL = 0;
				GCC_PREPROCESSOR_DEFINITIONS = (
					"DEBUG=1",
					"$(inherited)",
				);
				GCC_SYMBOLS_PRIVATE_EXTERN = NO;
				GCC_WARN_64_TO_32_BIT_CONVERSION = YES;
				GCC_WARN_ABOUT_RETURN_TYPE = YES_ERROR;
				GCC_WARN_UNDECLARED_SELECTOR = YES;
				GCC_WARN_UNINITIALIZED_AUTOS = YES_AGGRESSIVE;
				GCC_WARN_UNUSED_FUNCTION = YES;
				GCC_WARN_UNUSED_VARIABLE = YES;
				IPHONEOS_DEPLOYMENT_TARGET = 8.3;
				MTL_ENABLE_DEBUG_INFO = YES;
				ONLY_ACTIVE_ARCH = YES;
				SDKROOT = iphoneos;
				SWIFT_OPTIMIZATION_LEVEL = "-Onone";
			};
			name = Debug;
		};
		504F07961B1BABA200C992D4 /* Release */ = {
			isa = XCBuildConfiguration;
			buildSettings = {
				ALWAYS_SEARCH_USER_PATHS = NO;
				CLANG_CXX_LANGUAGE_STANDARD = "gnu++0x";
				CLANG_CXX_LIBRARY = "libc++";
				CLANG_ENABLE_MODULES = YES;
				CLANG_ENABLE_OBJC_ARC = YES;
				CLANG_WARN_BOOL_CONVERSION = YES;
				CLANG_WARN_CONSTANT_CONVERSION = YES;
				CLANG_WARN_DIRECT_OBJC_ISA_USAGE = YES_ERROR;
				CLANG_WARN_EMPTY_BODY = YES;
				CLANG_WARN_ENUM_CONVERSION = YES;
				CLANG_WARN_INT_CONVERSION = YES;
				CLANG_WARN_OBJC_ROOT_CLASS = YES_ERROR;
				CLANG_WARN_UNREACHABLE_CODE = YES;
				CLANG_WARN__DUPLICATE_METHOD_MATCH = YES;
				"CODE_SIGN_IDENTITY[sdk=iphoneos*]" = "iPhone Developer";
				COPY_PHASE_STRIP = NO;
				DEBUG_INFORMATION_FORMAT = "dwarf-with-dsym";
				ENABLE_NS_ASSERTIONS = NO;
				ENABLE_STRICT_OBJC_MSGSEND = YES;
				GCC_C_LANGUAGE_STANDARD = gnu99;
				GCC_NO_COMMON_BLOCKS = YES;
				GCC_WARN_64_TO_32_BIT_CONVERSION = YES;
				GCC_WARN_ABOUT_RETURN_TYPE = YES_ERROR;
				GCC_WARN_UNDECLARED_SELECTOR = YES;
				GCC_WARN_UNINITIALIZED_AUTOS = YES_AGGRESSIVE;
				GCC_WARN_UNUSED_FUNCTION = YES;
				GCC_WARN_UNUSED_VARIABLE = YES;
				IPHONEOS_DEPLOYMENT_TARGET = 8.3;
				MTL_ENABLE_DEBUG_INFO = NO;
				SDKROOT = iphoneos;
				VALIDATE_PRODUCT = YES;
			};
			name = Release;
		};
		504F07981B1BABA200C992D4 /* Debug */ = {
			isa = XCBuildConfiguration;
			buildSettings = {
				ASSETCATALOG_COMPILER_APPICON_NAME = AppIcon;
				INFOPLIST_FILE = PageControlExample/Info.plist;
				LD_RUNPATH_SEARCH_PATHS = "$(inherited) @executable_path/Frameworks";
				PRODUCT_NAME = "$(TARGET_NAME)";
			};
			name = Debug;
		};
		504F07991B1BABA200C992D4 /* Release */ = {
			isa = XCBuildConfiguration;
			buildSettings = {
				ASSETCATALOG_COMPILER_APPICON_NAME = AppIcon;
				INFOPLIST_FILE = PageControlExample/Info.plist;
				LD_RUNPATH_SEARCH_PATHS = "$(inherited) @executable_path/Frameworks";
				PRODUCT_NAME = "$(TARGET_NAME)";
			};
			name = Release;
		};
		504F079B1B1BABA200C992D4 /* Debug */ = {
			isa = XCBuildConfiguration;
			buildSettings = {
				BUNDLE_LOADER = "$(TEST_HOST)";
				FRAMEWORK_SEARCH_PATHS = (
					"$(SDKROOT)/Developer/Library/Frameworks",
					"$(inherited)",
				);
				GCC_PREPROCESSOR_DEFINITIONS = (
					"DEBUG=1",
					"$(inherited)",
				);
				INFOPLIST_FILE = PageControlExampleTests/Info.plist;
				LD_RUNPATH_SEARCH_PATHS = "$(inherited) @executable_path/Frameworks @loader_path/Frameworks";
				PRODUCT_NAME = "$(TARGET_NAME)";
				TEST_HOST = "$(BUILT_PRODUCTS_DIR)/PageControlExample.app/PageControlExample";
			};
			name = Debug;
		};
		504F079C1B1BABA200C992D4 /* Release */ = {
			isa = XCBuildConfiguration;
			buildSettings = {
				BUNDLE_LOADER = "$(TEST_HOST)";
				FRAMEWORK_SEARCH_PATHS = (
					"$(SDKROOT)/Developer/Library/Frameworks",
					"$(inherited)",
				);
				INFOPLIST_FILE = PageControlExampleTests/Info.plist;
				LD_RUNPATH_SEARCH_PATHS = "$(inherited) @executable_path/Frameworks @loader_path/Frameworks";
				PRODUCT_NAME = "$(TARGET_NAME)";
				TEST_HOST = "$(BUILT_PRODUCTS_DIR)/PageControlExample.app/PageControlExample";
			};
			name = Release;
		};
/* End XCBuildConfiguration section */

/* Begin XCConfigurationList section */
		504F07731B1BABA200C992D4 /* Build configuration list for PBXProject "PageControlExample" */ = {
			isa = XCConfigurationList;
			buildConfigurations = (
				504F07951B1BABA200C992D4 /* Debug */,
				504F07961B1BABA200C992D4 /* Release */,
			);
			defaultConfigurationIsVisible = 0;
			defaultConfigurationName = Release;
		};
		504F07971B1BABA200C992D4 /* Build configuration list for PBXNativeTarget "PageControlExample" */ = {
			isa = XCConfigurationList;
			buildConfigurations = (
				504F07981B1BABA200C992D4 /* Debug */,
				504F07991B1BABA200C992D4 /* Release */,
			);
			defaultConfigurationIsVisible = 0;
		};
		504F079A1B1BABA200C992D4 /* Build configuration list for PBXNativeTarget "PageControlExampleTests" */ = {
			isa = XCConfigurationList;
			buildConfigurations = (
				504F079B1B1BABA200C992D4 /* Debug */,
				504F079C1B1BABA200C992D4 /* Release */,
			);
			defaultConfigurationIsVisible = 0;
		};
/* End XCConfigurationList section */
	};
	rootObject = 504F07701B1BABA200C992D4 /* Project object */;
}
